# THIS IS AN AUTOGENERATED FILE. DO NOT EDIT THIS FILE DIRECTLY.
# yarn lockfile v1


ngx-perfect-scrollbar@^7.2.0:
  version "7.2.0"
  resolved "https://registry.yarnpkg.com/ngx-perfect-scrollbar/-/ngx-perfect-scrollbar-7.2.0.tgz#396ed8c1dc5c7828994649f802cab9289ad66302"
  integrity sha512-vPw4SeAIE7laPOXHzgpyCIMCsdafHHGPRGb2tADvCAU9s5h6Ogmg3eZmN0KV6uQoepnX2cYrZjM42WAlcwiL9Q==
  dependencies:
    perfect-scrollbar "^1.4.0"
    resize-observer-polyfill "^1.5.0"

perfect-scrollbar@^1.4.0:
  version "1.4.0"
  resolved "https://registry.yarnpkg.com/perfect-scrollbar/-/perfect-scrollbar-1.4.0.tgz#5d014ef9775e1f43058a1dbae9ed1daf0e7091f1"
  integrity sha512-/2Sk/khljhdrsamjJYS5NjrH+GKEHEwh7zFSiYyxROyYKagkE4kSn2zDQDRTOMo8mpT2jikxx6yI1dG7lNP/hw==

resize-observer-polyfill@^1.5.0:
  version "1.5.1"
  resolved "https://registry.yarnpkg.com/resize-observer-polyfill/-/resize-observer-polyfill-1.5.1.tgz#0e9020dd3d21024458d4ebd27e23e40269810464"
  integrity sha512-LwZrotdHOo12nQuZlHEmtuXdqGoOD0OhaxopaNFxWzInpEgaLWoVuAMbTzixuosCx2nEG58ngzW3vxdWoxIgdg==
